
Microsoft Visual Studio Solution File, Format Version 12.00
# Visual Studio Version 17
VisualStudioVersion = 17.13.35919.96 d17.13
MinimumVisualStudioVersion = 10.0.40219.1
Project("{FAE04EC0-301F-11D3-BF4B-00C04F79EFBC}") = "PS5 Tools", "PS5 Tools\PS5 Tools.csproj", "{D932AA55-A3EF-4DE6-85A5-17197B8D8B01}"
EndProject
Project("{FAE04EC0-301F-11D3-BF4B-00C04F79EFBC}") = "Demo", "Demo\Demo.csproj", "{4D0D463B-0352-4C5B-BFCA-E08D768D1F99}"
EndProject
Global
	GlobalSection(SolutionConfigurationPlatforms) = preSolution
		Debug|Any CPU = Debug|Any CPU
		Release|Any CPU = Release|Any CPU
	EndGlobalSection
	GlobalSection(ProjectConfigurationPlatforms) = postSolution
		{D932AA55-A3EF-4DE6-85A5-17197B8D8B01}.Debug|Any CPU.ActiveCfg = Debug|Any CPU
		{D932AA55-A3EF-4DE6-85A5-17197B8D8B01}.Debug|Any CPU.Build.0 = Debug|Any CPU
		{D932AA55-A3EF-4DE6-85A5-17197B8D8B01}.Release|Any CPU.ActiveCfg = Release|Any CPU
		{D932AA55-A3EF-4DE6-85A5-17197B8D8B01}.Release|Any CPU.Build.0 = Release|Any CPU
		{4D0D463B-0352-4C5B-BFCA-E08D768D1F99}.Debug|Any CPU.ActiveCfg = Debug|Any CPU
		{4D0D463B-0352-4C5B-BFCA-E08D768D1F99}.Debug|Any CPU.Build.0 = Debug|Any CPU
		{4D0D463B-0352-4C5B-BFCA-E08D768D1F99}.Release|Any CPU.ActiveCfg = Release|Any CPU
		{4D0D463B-0352-4C5B-BFCA-E08D768D1F99}.Release|Any CPU.Build.0 = Release|Any CPU
	EndGlobalSection
	GlobalSection(SolutionProperties) = preSolution
		HideSolutionNode = FALSE
	EndGlobalSection
	GlobalSection(ExtensibilityGlobals) = postSolution
		SolutionGuid = {5D535790-447F-4E06-977A-8FBAF4D7FFF4}
	EndGlobalSection
EndGlobal
